# THIS IS AN AUTOGENERATED FILE. DO NOT EDIT THIS FILE DIRECTLY.
# yarn lockfile v1


"@types/google-apps-script@^0.0.30":
  version "0.0.30"
  resolved "https://registry.yarnpkg.com/@types/google-apps-script/-/google-apps-script-0.0.30.tgz#8a4412bc37f16e96f678acd6502fcef19bf6e2cc"
  integrity sha512-kAFoGATBVI+URxsiogitrENCsx797bPvIRe23kVfEs3V2OgQZAMm4Rxbs0Fkhg8ILVuwUNFEQ24A9IkwGQDgDw==
